lockfileVersion: '6.0'

settings:
  autoInstallPeers: true
  excludeLinksFromLockfile: false

dependencies:
  '@incremental.design/device-input-event-handlers':
    specifier: 0.0.0
    version: 0.0.0
  '@incremental.design/theme':
    specifier: 0.0.0
    version: 0.0.0
  tslib:
    specifier: ^2.6.0
    version: 2.6.0

packages:

  /@incremental.design/device-input-event-handlers@0.0.0:
    resolution: {integrity: sha512-ymKke4M1Eymz8BHOe7+hBl0BRtZ2fafbt7jwCSIg9l1MvsKpNkf98uVKrvDrVZu2rrGAlVUfWTyNvNUv7sNI7g==}
    dev: false

  /@incremental.design/theme@0.0.0:
    resolution: {integrity: sha512-LL/ZLbW5Ds4ljFL1rK5uwwDG3t+AVOEPjUpHdE4c8XD5axXu/IrnXbtX+nxnGnNO5zyhPeD8U9ev+bk8ydhSWA==}
    dev: false

  /tslib@2.6.0:
    resolution: {integrity: sha512-7At1WUettjcSRHXCyYtTselblcHl9PJFFVKiCAy/bY97+BPZXSQ2wbq0P9s8tK2G7dFQfNnlJnPAiArVBVBsfA==}
    dev: false
